
Microsoft Visual Studio Solution File, Format Version 12.00
# Visual Studio Version 17
VisualStudioVersion = 17.3.32825.248
MinimumVisualStudioVersion = 10.0.40219.1
Project("{FAE04EC0-301F-11D3-BF4B-00C04F79EFBC}") = "My new item add", "My new item add\My new item add.csproj", "{80D3E9F5-DB52-4569-838F-005DFD1E537E}"
EndProject
Global
	GlobalSection(SolutionConfigurationPlatforms) = preSolution
		Debug|Any CPU = Debug|Any CPU
		Release|Any CPU = Release|Any CPU
	EndGlobalSection
	GlobalSection(ProjectConfigurationPlatforms) = postSolution
		{80D3E9F5-DB52-4569-838F-005DFD1E537E}.Debug|Any CPU.ActiveCfg = Debug|Any CPU
		{80D3E9F5-DB52-4569-838F-005DFD1E537E}.Debug|Any CPU.Build.0 = Debug|Any CPU
		{80D3E9F5-DB52-4569-838F-005DFD1E537E}.Release|Any CPU.ActiveCfg = Release|Any CPU
		{80D3E9F5-DB52-4569-838F-005DFD1E537E}.Release|Any CPU.Build.0 = Release|Any CPU
	EndGlobalSection
	GlobalSection(SolutionProperties) = preSolution
		HideSolutionNode = FALSE
	EndGlobalSection
	GlobalSection(ExtensibilityGlobals) = postSolution
		SolutionGuid = {B5374CEC-A103-4280-949E-421686B89E13}
	EndGlobalSection
EndGlobal
